
Microsoft Visual Studio Solution File, Format Version 12.00
# Visual Studio Version 17
VisualStudioVersion = 17.11.35312.102
MinimumVisualStudioVersion = 10.0.40219.1
Project("{FAE04EC0-301F-11D3-BF4B-00C04F79EFBC}") = "Bài 5", "Bài 5.csproj", "{BFE2A71B-635C-486E-ABB5-A3EE591F5720}"
EndProject
Global
	GlobalSection(SolutionConfigurationPlatforms) = preSolution
		Debug|Any CPU = Debug|Any CPU
		Release|Any CPU = Release|Any CPU
	EndGlobalSection
	GlobalSection(ProjectConfigurationPlatforms) = postSolution
		{BFE2A71B-635C-486E-ABB5-A3EE591F5720}.Debug|Any CPU.ActiveCfg = Debug|Any CPU
		{BFE2A71B-635C-486E-ABB5-A3EE591F5720}.Debug|Any CPU.Build.0 = Debug|Any CPU
		{BFE2A71B-635C-486E-ABB5-A3EE591F5720}.Release|Any CPU.ActiveCfg = Release|Any CPU
		{BFE2A71B-635C-486E-ABB5-A3EE591F5720}.Release|Any CPU.Build.0 = Release|Any CPU
	EndGlobalSection
	GlobalSection(SolutionProperties) = preSolution
		HideSolutionNode = FALSE
	EndGlobalSection
	GlobalSection(ExtensibilityGlobals) = postSolution
		SolutionGuid = {CB1A4DCA-ACAC-4876-8921-EFE34F2271A2}
	EndGlobalSection
EndGlobal
